
Microsoft Visual Studio Solution File, Format Version 12.00
# Visual Studio Version 17
VisualStudioVersion = 17.0.31903.59
MinimumVisualStudioVersion = 10.0.40219.1
Project("{FAE04EC0-301F-11D3-BF4B-00C04F79EFBC}") = "todoListBackend", "todoListBackend\todoListBackend.csproj", "{A55F408B-53B1-45E5-9656-8F4BDD99A35E}"
EndProject
Global
	GlobalSection(SolutionConfigurationPlatforms) = preSolution
		Debug|Any CPU = Debug|Any CPU
		Release|Any CPU = Release|Any CPU
	EndGlobalSection
	GlobalSection(ProjectConfigurationPlatforms) = postSolution
		{A55F408B-53B1-45E5-9656-8F4BDD99A35E}.Debug|Any CPU.ActiveCfg = Debug|Any CPU
		{A55F408B-53B1-45E5-9656-8F4BDD99A35E}.Debug|Any CPU.Build.0 = Debug|Any CPU
		{A55F408B-53B1-45E5-9656-8F4BDD99A35E}.Release|Any CPU.ActiveCfg = Release|Any CPU
		{A55F408B-53B1-45E5-9656-8F4BDD99A35E}.Release|Any CPU.Build.0 = Release|Any CPU
	EndGlobalSection
	GlobalSection(SolutionProperties) = preSolution
		HideSolutionNode = FALSE
	EndGlobalSection
	GlobalSection(ExtensibilityGlobals) = postSolution
		SolutionGuid = {5EE3F1EC-4219-46A8-A1A4-D73D6B30F7EF}
	EndGlobalSection
EndGlobal
